{
    "_readme": [
        "This file locks the dependencies of your project to a known state",
        "Read more about it at https://getcomposer.org/doc/01-basic-usage.md#installing-dependencies",
        "This file is @generated automatically"
    ],
    "content-hash": "7871655b84531040f44096921f6038f3",
    "packages": [],
    "packages-dev": [],
    "aliases": [],
    "minimum-stability": "stable",
    "stability-flags": {},
    "prefer-stable": false,
    "prefer-lowest": false,
    "platform": {
        "php": "^7.1 || ^8.0",
        "ext-curl": "*",
        "ext-dom": "*",
        "ext-mysqli": "*",
        "ext-zip": "*"
    },
    "platform-dev": {},
    "plugin-api-version": "2.6.0"
}
